
Microsoft Visual Studio Solution File, Format Version 12.00
# Visual Studio Version 17
VisualStudioVersion = 17.7.34221.43
MinimumVisualStudioVersion = 10.0.40219.1
Project("{FAE04EC0-301F-11D3-BF4B-00C04F79EFBC}") = "RegExVeMorfolojikAnaliz", "RegExVeMorfolojikAnaliz\RegExVeMorfolojikAnaliz.csproj", "{D7B28335-7FDA-4539-81CF-C5EC0C2F867B}"
EndProject
Global
	GlobalSection(SolutionConfigurationPlatforms) = preSolution
		Debug|Any CPU = Debug|Any CPU
		Release|Any CPU = Release|Any CPU
	EndGlobalSection
	GlobalSection(ProjectConfigurationPlatforms) = postSolution
		{D7B28335-7FDA-4539-81CF-C5EC0C2F867B}.Debug|Any CPU.ActiveCfg = Debug|Any CPU
		{D7B28335-7FDA-4539-81CF-C5EC0C2F867B}.Debug|Any CPU.Build.0 = Debug|Any CPU
		{D7B28335-7FDA-4539-81CF-C5EC0C2F867B}.Release|Any CPU.ActiveCfg = Release|Any CPU
		{D7B28335-7FDA-4539-81CF-C5EC0C2F867B}.Release|Any CPU.Build.0 = Release|Any CPU
	EndGlobalSection
	GlobalSection(SolutionProperties) = preSolution
		HideSolutionNode = FALSE
	EndGlobalSection
	GlobalSection(ExtensibilityGlobals) = postSolution
		SolutionGuid = {D561E8F5-7D62-4F01-A76F-45BBF82ABB2F}
	EndGlobalSection
EndGlobal
